# This is a Gradle generated file for dependency locking.
# Manual edits can break the build and are not advised.
# This file is expected to be part of source control.
javax.activation:javax.activation-api:1.2.0=compileClasspath
javax.xml.bind:jaxb-api:2.3.1=compileClasspath
net.bytebuddy:byte-buddy-agent:1.12.18=compileClasspath
net.bytebuddy:byte-buddy:1.12.18=compileClasspath
net.oneandone.reflections8:reflections8:0.11.7=compileClasspath
org.javassist:javassist:3.22.0-GA=compileClasspath
tv.isshoni.araragi:annotation:1.9.0=compileClasspath
tv.isshoni.araragi:core:1.9.0=compileClasspath
tv.isshoni.araragi:logging:1.9.0=compileClasspath
empty=
